{
  "requires": true,
  "lockfileVersion": 1,
  "dependencies": {
    "node-cljfmt": {
      "version": "0.5.4-0",
      "resolved": "https://registry.npmjs.org/node-cljfmt/-/node-cljfmt-0.5.4-0.tgz",
      "integrity": "sha512-VHH8k8W/vOUpVBRMLBTeFuGAcG4sAOIRiz0/OxBZpg/iUGJ3EBJD3JrubUkrGG40iWBl/qK2Vqu9hBmyMyhJ6A=="
    }
  }
}
